github.com/eiannone/keyboard v0.0.0-20220611211555-0d226195f203 h1:XBBHcIb256gUJtLmY22n99HaZTz+r2Z51xUPi01m3wg=
github.com/eiannone/keyboard v0.0.0-20220611211555-0d226195f203/go.mod h1:E1jcSv8FaEny+OP/5k9UxZVw9YFWGj7eI4KR/iOBqCg=
golang.org/x/exp v0.0.0-20221126150942-6ab00d035af9 h1:yZNXmy+j/JpX19vZkVktWqAo7Gny4PBWYYK3zskGpx4=
golang.org/x/exp v0.0.0-20221126150942-6ab00d035af9/go.mod h1:CxIveKay+FTh1D0yPZemJVgC/95VzuuOLq5Qi4xnoYc=
golang.org/x/sys v0.1.0 h1:kunALQeHf1/185U1i0GOB/fy1IPRDDpuoOOqRReG57U=
golang.org/x/sys v0.1.0/go.mod h1:oPkhp1MJrh7nUepCBck5+mAzfO9JrbApNNgaTdGDITg=
